{
  "nodes": {
    "agenix": {
      "inputs": {
        "darwin": "darwin",
        "home-manager": [
          "home-manager"
        ],
        "nixpkgs": [
          "nixpkgs"
        ],
        "systems": "systems"
      },
      "locked": {
        "lastModified": 1723293904,
        "narHash": "sha256-b+uqzj+Wa6xgMS9aNbX4I+sXeb5biPDi39VgvSFqFvU=",
        "owner": "ryantm",
        "repo": "agenix",
        "rev": "f6291c5935fdc4e0bef208cfc0dcab7e3f7a1c41",
        "type": "github"
      },
      "original": {
        "owner": "ryantm",
        "repo": "agenix",
        "type": "github"
      }
    },
    "aquamarine": {
      "inputs": {
        "hyprutils": [
          "hyprland",
          "hyprutils"
        ],
        "hyprwayland-scanner": [
          "hyprland",
          "hyprwayland-scanner"
        ],
        "nixpkgs": [
          "hyprland",
          "nixpkgs"
        ],
        "systems": [
          "hyprland",
          "systems"
        ]
      },
      "locked": {
        "lastModified": 1731774881,
        "narHash": "sha256-1Dxryiw8u2ejntxrrv3sMtIE8WHKxmlN4KeH+uMGbmc=",
        "owner": "hyprwm",
        "repo": "aquamarine",
        "rev": "b31a6a4da8199ae3489057db7d36069a70749a56",
        "type": "github"
      },
      "original": {
        "owner": "hyprwm",
        "repo": "aquamarine",
        "type": "github"
      }
    },
    "base16-schemes": {
      "flake": false,
      "locked": {
        "lastModified": 1696158499,
        "narHash": "sha256-5yIHgDTPjoX/3oDEfLSQ0eJZdFL1SaCfb9d6M0RmOTM=",
        "owner": "tinted-theming",
        "repo": "base16-schemes",
        "rev": "a9112eaae86d9dd8ee6bb9445b664fba2f94037a",
        "type": "github"
      },
      "original": {
        "owner": "tinted-theming",
        "repo": "base16-schemes",
        "type": "github"
      }
    },
    "broadcast-box": {
      "inputs": {
        "gomod2nix": "gomod2nix",
        "nixpkgs": [
          "nixpkgs"
        ]
      },
      "locked": {
        "lastModified": 1725640871,
        "narHash": "sha256-fTh1hNeG5wVCL39NNUmh72i50HemfKqBaMKKpMlS9Yw=",
        "owner": "JManch",
        "repo": "broadcast-box",
        "rev": "e6c56987fd8a9075e51f128e0164bbdd9b7973d6",
        "type": "github"
      },
      "original": {
        "owner": "JManch",
        "repo": "broadcast-box",
        "type": "github"
      }
    },
    "crane": {
      "locked": {
        "lastModified": 1730652660,
        "narHash": "sha256-+XVYfmVXAiYA0FZT7ijHf555dxCe+AoAT5A6RU+6vSo=",
        "owner": "ipetkov",
        "repo": "crane",
        "rev": "a4ca93905455c07cb7e3aca95d4faf7601cba458",
        "type": "github"
      },
      "original": {
        "owner": "ipetkov",
        "repo": "crane",
        "type": "github"
      }
    },
    "darwin": {
      "inputs": {
        "nixpkgs": [
          "agenix",
          "nixpkgs"
        ]
      },
      "locked": {
        "lastModified": 1700795494,
        "narHash": "sha256-gzGLZSiOhf155FW7262kdHo2YDeugp3VuIFb4/GGng0=",
        "owner": "lnl7",
        "repo": "nix-darwin",
        "rev": "4b9b83d5a92e8c1fbfd8eb27eda375908c11ec4d",
        "type": "github"
      },
      "original": {
        "owner": "lnl7",
        "ref": "master",
        "repo": "nix-darwin",
        "type": "github"
      }
    },
    "disko": {
      "inputs": {
        "nixpkgs": [
          "nixpkgs"
        ]
      },
      "locked": {
        "lastModified": 1732221404,
        "narHash": "sha256-fWTyjgGt+BHmkeJ5IxOR4zGF4/uc+ceWmhBjOBSVkgQ=",
        "owner": "nix-community",
        "repo": "disko",
        "rev": "97c0c4d7072f19b598ed332e9f7f8ad562c6885b",
        "type": "github"
      },
      "original": {
        "owner": "nix-community",
        "repo": "disko",
        "type": "github"
      }
    },
    "firstBoot": {
      "locked": {
        "lastModified": 1657739266,
        "narHash": "sha256-vLy8GQr0noEcoA+jX24FgUVBA/poV36zDWAUChN3hIY=",
        "owner": "JManch",
        "repo": "false",
        "rev": "d06b4794a134686c70a1325df88a6e6768c6b212",
        "type": "github"
      },
      "original": {
        "owner": "JManch",
        "repo": "false",
        "type": "github"
      }
    },
    "flake-compat": {
      "flake": false,
      "locked": {
        "lastModified": 1696426674,
        "narHash": "sha256-kvjfFW7WAETZlt09AgDn1MrtKzP7t90Vf7vypd3OL1U=",
        "owner": "edolstra",
        "repo": "flake-compat",
        "rev": "0f9255e01c2351cc7d116c072cb317785dd33b33",
        "type": "github"
      },
      "original": {
        "owner": "edolstra",
        "repo": "flake-compat",
        "type": "github"
      }
    },
    "flake-compat_2": {
      "flake": false,
      "locked": {
        "lastModified": 1696426674,
        "narHash": "sha256-kvjfFW7WAETZlt09AgDn1MrtKzP7t90Vf7vypd3OL1U=",
        "owner": "edolstra",
        "repo": "flake-compat",
        "rev": "0f9255e01c2351cc7d116c072cb317785dd33b33",
        "type": "github"
      },
      "original": {
        "owner": "edolstra",
        "repo": "flake-compat",
        "type": "github"
      }
    },
    "flake-compat_3": {
      "flake": false,
      "locked": {
        "lastModified": 1696426674,
        "narHash": "sha256-kvjfFW7WAETZlt09AgDn1MrtKzP7t90Vf7vypd3OL1U=",
        "owner": "edolstra",
        "repo": "flake-compat",
        "rev": "0f9255e01c2351cc7d116c072cb317785dd33b33",
        "type": "github"
      },
      "original": {
        "owner": "edolstra",
        "repo": "flake-compat",
        "type": "github"
      }
    },
    "flake-compat_4": {
      "flake": false,
      "locked": {
        "lastModified": 1696426674,
        "narHash": "sha256-kvjfFW7WAETZlt09AgDn1MrtKzP7t90Vf7vypd3OL1U=",
        "owner": "edolstra",
        "repo": "flake-compat",
        "rev": "0f9255e01c2351cc7d116c072cb317785dd33b33",
        "type": "github"
      },
      "original": {
        "owner": "edolstra",
        "repo": "flake-compat",
        "type": "github"
      }
    },
    "flake-compat_5": {
      "flake": false,
      "locked": {
        "lastModified": 1696426674,
        "narHash": "sha256-kvjfFW7WAETZlt09AgDn1MrtKzP7t90Vf7vypd3OL1U=",
        "owner": "edolstra",
        "repo": "flake-compat",
        "rev": "0f9255e01c2351cc7d116c072cb317785dd33b33",
        "type": "github"
      },
      "original": {
        "owner": "edolstra",
        "repo": "flake-compat",
        "type": "github"
      }
    },
    "flake-compat_6": {
      "locked": {
        "lastModified": 1696426674,
        "narHash": "sha256-kvjfFW7WAETZlt09AgDn1MrtKzP7t90Vf7vypd3OL1U=",
        "rev": "0f9255e01c2351cc7d116c072cb317785dd33b33",
        "revCount": 57,
        "type": "tarball",
        "url": "https://api.flakehub.com/f/pinned/edolstra/flake-compat/1.0.1/018afb31-abd1-7bff-a5e4-cff7e18efb7a/source.tar.gz"
      },
      "original": {
        "type": "tarball",
        "url": "https://flakehub.com/f/edolstra/flake-compat/1.tar.gz"
      }
    },
    "flake-parts": {
      "inputs": {
        "nixpkgs-lib": [
          "lanzaboote",
          "nixpkgs"
        ]
      },
      "locked": {
        "lastModified": 1730504689,
        "narHash": "sha256-hgmguH29K2fvs9szpq2r3pz2/8cJd2LPS+b4tfNFCwE=",
        "owner": "hercules-ci",
        "repo": "flake-parts",
        "rev": "506278e768c2a08bec68eb62932193e341f55c90",
        "type": "github"
      },
      "original": {
        "owner": "hercules-ci",
        "repo": "flake-parts",
        "type": "github"
      }
    },
    "flake-parts_2": {
      "inputs": {
        "nixpkgs-lib": [
          "neovim",
          "nixpkgs"
        ]
      },
      "locked": {
        "lastModified": 1730504689,
        "narHash": "sha256-hgmguH29K2fvs9szpq2r3pz2/8cJd2LPS+b4tfNFCwE=",
        "owner": "hercules-ci",
        "repo": "flake-parts",
        "rev": "506278e768c2a08bec68eb62932193e341f55c90",
        "type": "github"
      },
      "original": {
        "owner": "hercules-ci",
        "repo": "flake-parts",
        "type": "github"
      }
    },
    "flake-parts_3": {
      "inputs": {
        "nixpkgs-lib": [
          "neovim",
          "hercules-ci-effects",
          "nixpkgs"
        ]
      },
      "locked": {
        "lastModified": 1712014858,
        "narHash": "sha256-sB4SWl2lX95bExY2gMFG5HIzvva5AVMJd4Igm+GpZNw=",
        "owner": "hercules-ci",
        "repo": "flake-parts",
        "rev": "9126214d0a59633752a136528f5f3b9aa8565b7d",
        "type": "github"
      },
      "original": {
        "id": "flake-parts",
        "type": "indirect"
      }
    },
    "flake-parts_4": {
      "inputs": {
        "nixpkgs-lib": [
          "nixpkgs-xr",
          "nixpkgs"
        ]
      },
      "locked": {
        "lastModified": 1730504689,
        "narHash": "sha256-hgmguH29K2fvs9szpq2r3pz2/8cJd2LPS+b4tfNFCwE=",
        "owner": "hercules-ci",
        "repo": "flake-parts",
        "rev": "506278e768c2a08bec68eb62932193e341f55c90",
        "type": "github"
      },
      "original": {
        "owner": "hercules-ci",
        "repo": "flake-parts",
        "type": "github"
      }
    },
    "flake-utils": {
      "inputs": {
        "systems": "systems_2"
      },
      "locked": {
        "lastModified": 1694529238,
        "narHash": "sha256-zsNZZGTGnMOf9YpHKJqMSsa0dXbfmxeoJ7xHlrt+xmY=",
        "owner": "numtide",
        "repo": "flake-utils",
        "rev": "ff7b65b44d01cf9ba6a71320833626af21126384",
        "type": "github"
      },
      "original": {
        "owner": "numtide",
        "repo": "flake-utils",
        "type": "github"
      }
    },
    "git-hooks": {
      "inputs": {
        "flake-compat": "flake-compat_4",
        "gitignore": "gitignore_2",
        "nixpkgs": [
          "neovim",
          "nixpkgs"
        ],
        "nixpkgs-stable": [
          "neovim",
          "nixpkgs"
        ]
      },
      "locked": {
        "lastModified": 1731363552,
        "narHash": "sha256-vFta1uHnD29VUY4HJOO/D6p6rxyObnf+InnSMT4jlMU=",
        "owner": "cachix",
        "repo": "git-hooks.nix",
        "rev": "cd1af27aa85026ac759d5d3fccf650abe7e1bbf0",
        "type": "github"
      },
      "original": {
        "owner": "cachix",
        "repo": "git-hooks.nix",
        "type": "github"
      }
    },
    "gitignore": {
      "inputs": {
        "nixpkgs": [
          "hyprland",
          "pre-commit-hooks",
          "nixpkgs"
        ]
      },
      "locked": {
        "lastModified": 1709087332,
        "narHash": "sha256-HG2cCnktfHsKV0s4XW83gU3F57gaTljL9KNSuG6bnQs=",
        "owner": "hercules-ci",
        "repo": "gitignore.nix",
        "rev": "637db329424fd7e46cf4185293b9cc8c88c95394",
        "type": "github"
      },
      "original": {
        "owner": "hercules-ci",
        "repo": "gitignore.nix",
        "type": "github"
      }
    },
    "gitignore_2": {
      "inputs": {
        "nixpkgs": [
          "neovim",
          "git-hooks",
          "nixpkgs"
        ]
      },
      "locked": {
        "lastModified": 1709087332,
        "narHash": "sha256-HG2cCnktfHsKV0s4XW83gU3F57gaTljL9KNSuG6bnQs=",
        "owner": "hercules-ci",
        "repo": "gitignore.nix",
        "rev": "637db329424fd7e46cf4185293b9cc8c88c95394",
        "type": "github"
      },
      "original": {
        "owner": "hercules-ci",
        "repo": "gitignore.nix",
        "type": "github"
      }
    },
    "gomod2nix": {
      "inputs": {
        "flake-utils": "flake-utils",
        "nixpkgs": [
          "broadcast-box",
          "nixpkgs"
        ]
      },
      "locked": {
        "lastModified": 1717050755,
        "narHash": "sha256-C9IEHABulv2zEDFA+Bf0E1nmfN4y6MIUe5eM2RCrDC0=",
        "owner": "nix-community",
        "repo": "gomod2nix",
        "rev": "31b6d2e40b36456e792cd6cf50d5a8ddd2fa59a1",
        "type": "github"
      },
      "original": {
        "owner": "nix-community",
        "repo": "gomod2nix",
        "type": "github"
      }
    },
    "grimblast": {
      "inputs": {
        "nixpkgs": [
          "nixpkgs"
        ]
      },
      "locked": {
        "lastModified": 1711594267,
        "narHash": "sha256-fpBj2EA1TU9wdo9v48U/CMrl20yYKSw88eX8qgjbcSY=",
        "owner": "JManch",
        "repo": "grimblast",
        "rev": "93f81de950370511e1654350565f4da94449ff00",
        "type": "github"
      },
      "original": {
        "owner": "JManch",
        "repo": "grimblast",
        "type": "github"
      }
    },
    "hercules-ci-effects": {
      "inputs": {
        "flake-parts": "flake-parts_3",
        "nixpkgs": [
          "neovim",
          "nixpkgs"
        ]
      },
      "locked": {
        "lastModified": 1730903510,
        "narHash": "sha256-mnynlrPeiW0nUQ8KGZHb3WyxAxA3Ye/BH8gMjdoKP6E=",
        "owner": "hercules-ci",
        "repo": "hercules-ci-effects",
        "rev": "b89ac4d66d618b915b1f0a408e2775fe3821d141",
        "type": "github"
      },
      "original": {
        "owner": "hercules-ci",
        "repo": "hercules-ci-effects",
        "type": "github"
      }
    },
    "home-manager": {
      "inputs": {
        "nixpkgs": [
          "nixpkgs"
        ]
      },
      "locked": {
        "lastModified": 1732025103,
        "narHash": "sha256-qjEI64RKvDxRyEarY0jTzrZMa8ebezh2DEZmJJrpVdo=",
        "owner": "nix-community",
        "repo": "home-manager",
        "rev": "a46e702093a5c46e192243edbd977d5749e7f294",
        "type": "github"
      },
      "original": {
        "owner": "nix-community",
        "repo": "home-manager",
        "type": "github"
      }
    },
    "hyprcursor": {
      "inputs": {
        "hyprlang": [
          "hyprland",
          "hyprlang"
        ],
        "nixpkgs": [
          "hyprland",
          "nixpkgs"
        ],
        "systems": [
          "hyprland",
          "systems"
        ]
      },
      "locked": {
        "lastModified": 1728669738,
        "narHash": "sha256-EDNAU9AYcx8OupUzbTbWE1d3HYdeG0wO6Msg3iL1muk=",
        "owner": "hyprwm",
        "repo": "hyprcursor",
        "rev": "0264e698149fcb857a66a53018157b41f8d97bb0",
        "type": "github"
      },
      "original": {
        "owner": "hyprwm",
        "repo": "hyprcursor",
        "type": "github"
      }
    },
    "hypridle": {
      "inputs": {
        "hyprlang": "hyprlang",
        "hyprutils": "hyprutils",
        "nixpkgs": [
          "nixpkgs"
        ],
        "systems": "systems_3"
      },
      "locked": {
        "lastModified": 1731958956,
        "narHash": "sha256-21R5LD61oUqjdo9Vz0kLn0qSHCDMXyUMXbbod3kX+ho=",
        "owner": "hyprwm",
        "repo": "hypridle",
        "rev": "9f23e70bb494107df8f959c925d4521a298c65eb",
        "type": "github"
      },
      "original": {
        "owner": "hyprwm",
        "repo": "hypridle",
        "type": "github"
      }
    },
    "hyprland": {
      "inputs": {
        "aquamarine": "aquamarine",
        "hyprcursor": "hyprcursor",
        "hyprland-protocols": "hyprland-protocols",
        "hyprlang": "hyprlang_2",
        "hyprutils": "hyprutils_2",
        "hyprwayland-scanner": "hyprwayland-scanner",
        "nixpkgs": [
          "nixpkgs"
        ],
        "pre-commit-hooks": "pre-commit-hooks",
        "systems": "systems_4",
        "xdph": "xdph"
      },
      "locked": {
        "lastModified": 1732100541,
        "narHash": "sha256-ryxqTo2N5EOwHjrDXCoVFKuG1ZKpoMlRmCjqqUhjQPU=",
        "owner": "hyprwm",
        "repo": "Hyprland",
        "rev": "940f7aa990dbc99815bab8d355999d8277534b17",
        "type": "github"
      },
      "original": {
        "owner": "hyprwm",
        "repo": "Hyprland",
        "type": "github"
      }
    },
    "hyprland-plugins": {
      "inputs": {
        "hyprland": [
          "hyprland"
        ],
        "nixpkgs": [
          "hyprland-plugins",
          "hyprland",
          "nixpkgs"
        ],
        "systems": [
          "hyprland-plugins",
          "hyprland",
          "systems"
        ]
      },
      "locked": {
        "lastModified": 1732053779,
        "narHash": "sha256-v9FS0r2XWMf/+uwevvzaF/2TimMFeLEQTf4T8cgc6c0=",
        "owner": "hyprwm",
        "repo": "hyprland-plugins",
        "rev": "0bc619b2c3b4f9c2b65247e81d69f8bbc573d991",
        "type": "github"
      },
      "original": {
        "owner": "hyprwm",
        "repo": "hyprland-plugins",
        "type": "github"
      }
    },
    "hyprland-protocols": {
      "inputs": {
        "nixpkgs": [
          "hyprland",
          "nixpkgs"
        ],
        "systems": [
          "hyprland",
          "systems"
        ]
      },
      "locked": {
        "lastModified": 1728345020,
        "narHash": "sha256-xGbkc7U/Roe0/Cv3iKlzijIaFBNguasI31ynL2IlEoM=",
        "owner": "hyprwm",
        "repo": "hyprland-protocols",
        "rev": "a7c183800e74f337753de186522b9017a07a8cee",
        "type": "github"
      },
      "original": {
        "owner": "hyprwm",
        "repo": "hyprland-protocols",
        "type": "github"
      }
    },
    "hyprlang": {
      "inputs": {
        "hyprutils": [
          "hypridle",
          "hyprutils"
        ],
        "nixpkgs": [
          "hypridle",
          "nixpkgs"
        ],
        "systems": [
          "hypridle",
          "systems"
        ]
      },
      "locked": {
        "lastModified": 1721324361,
        "narHash": "sha256-BiJKO0IIdnSwHQBSrEJlKlFr753urkLE48wtt0UhNG4=",
        "owner": "hyprwm",
        "repo": "hyprlang",
        "rev": "adbefbf49664a6c2c8bf36b6487fd31e3eb68086",
        "type": "github"
      },
      "original": {
        "owner": "hyprwm",
        "repo": "hyprlang",
        "type": "github"
      }
    },
    "hyprlang_2": {
      "inputs": {
        "hyprutils": [
          "hyprland",
          "hyprutils"
        ],
        "nixpkgs": [
          "hyprland",
          "nixpkgs"
        ],
        "systems": [
          "hyprland",
          "systems"
        ]
      },
      "locked": {
        "lastModified": 1728168612,
        "narHash": "sha256-AnB1KfiXINmuiW7BALYrKqcjCnsLZPifhb/7BsfPbns=",
        "owner": "hyprwm",
        "repo": "hyprlang",
        "rev": "f054f2e44d6a0b74607a6bc0f52dba337a3db38e",
        "type": "github"
      },
      "original": {
        "owner": "hyprwm",
        "repo": "hyprlang",
        "type": "github"
      }
    },
    "hyprlang_3": {
      "inputs": {
        "hyprutils": [
          "hyprlock",
          "hyprutils"
        ],
        "nixpkgs": [
          "hyprlock",
          "nixpkgs"
        ],
        "systems": [
          "hyprlock",
          "systems"
        ]
      },
      "locked": {
        "lastModified": 1728168612,
        "narHash": "sha256-AnB1KfiXINmuiW7BALYrKqcjCnsLZPifhb/7BsfPbns=",
        "owner": "hyprwm",
        "repo": "hyprlang",
        "rev": "f054f2e44d6a0b74607a6bc0f52dba337a3db38e",
        "type": "github"
      },
      "original": {
        "owner": "hyprwm",
        "repo": "hyprlang",
        "type": "github"
      }
    },
    "hyprlock": {
      "inputs": {
        "hyprlang": "hyprlang_3",
        "hyprutils": "hyprutils_3",
        "nixpkgs": [
          "nixpkgs"
        ],
        "systems": "systems_5"
      },
      "locked": {
        "lastModified": 1732023353,
        "narHash": "sha256-FbHP2io0nKSC0qEjTdAhrfmlqiv9oB1P/DcV3jFAnWY=",
        "owner": "hyprwm",
        "repo": "hyprlock",
        "rev": "578246b9967dec77c56993dc55ca192d35ba9bb7",
        "type": "github"
      },
      "original": {
        "owner": "hyprwm",
        "repo": "hyprlock",
        "type": "github"
      }
    },
    "hyprpolkitagent": {
      "inputs": {
        "hyprutils": "hyprutils_4",
        "nixpkgs": [
          "nixpkgs"
        ],
        "systems": "systems_6"
      },
      "locked": {
        "lastModified": 1730499931,
        "narHash": "sha256-ASg3asYfWwKsq9koKld4zicezRdx7PF035GwhzXHvxQ=",
        "owner": "hyprwm",
        "repo": "hyprpolkitagent",
        "rev": "615efd49303cb164bbf4ad065792e02d8f652a36",
        "type": "github"
      },
      "original": {
        "owner": "hyprwm",
        "repo": "hyprpolkitagent",
        "type": "github"
      }
    },
    "hyprutils": {
      "inputs": {
        "nixpkgs": [
          "hypridle",
          "nixpkgs"
        ],
        "systems": [
          "hypridle",
          "systems"
        ]
      },
      "locked": {
        "lastModified": 1721324102,
        "narHash": "sha256-WAZ0X6yJW1hFG6otkHBfyJDKRpNP5stsRqdEuHrFRpk=",
        "owner": "hyprwm",
        "repo": "hyprutils",
        "rev": "962582a090bc233c4de9d9897f46794280288989",
        "type": "github"
      },
      "original": {
        "owner": "hyprwm",
        "repo": "hyprutils",
        "type": "github"
      }
    },
    "hyprutils_2": {
      "inputs": {
        "nixpkgs": [
          "hyprland",
          "nixpkgs"
        ],
        "systems": [
          "hyprland",
          "systems"
        ]
      },
      "locked": {
        "lastModified": 1731702627,
        "narHash": "sha256-+JeO9gevnXannQxMfR5xzZtF4sYmSlWkX/BPmPx0mWk=",
        "owner": "hyprwm",
        "repo": "hyprutils",
        "rev": "e911361a687753bbbdfe3b6a9eab755ecaf1d9e1",
        "type": "github"
      },
      "original": {
        "owner": "hyprwm",
        "repo": "hyprutils",
        "type": "github"
      }
    },
    "hyprutils_3": {
      "inputs": {
        "nixpkgs": [
          "hyprlock",
          "nixpkgs"
        ],
        "systems": [
          "hyprlock",
          "systems"
        ]
      },
      "locked": {
        "lastModified": 1727300645,
        "narHash": "sha256-OvAtVLaSRPnbXzOwlR1fVqCXR7i+ICRX3aPMCdIiv+c=",
        "owner": "hyprwm",
        "repo": "hyprutils",
        "rev": "3f5293432b6dc6a99f26aca2eba3876d2660665c",
        "type": "github"
      },
      "original": {
        "owner": "hyprwm",
        "repo": "hyprutils",
        "type": "github"
      }
    },
    "hyprutils_4": {
      "inputs": {
        "nixpkgs": [
          "hyprpolkitagent",
          "nixpkgs"
        ],
        "systems": [
          "hyprpolkitagent",
          "systems"
        ]
      },
      "locked": {
        "lastModified": 1727300645,
        "narHash": "sha256-OvAtVLaSRPnbXzOwlR1fVqCXR7i+ICRX3aPMCdIiv+c=",
        "owner": "hyprwm",
        "repo": "hyprutils",
        "rev": "3f5293432b6dc6a99f26aca2eba3876d2660665c",
        "type": "github"
      },
      "original": {
        "owner": "hyprwm",
        "repo": "hyprutils",
        "type": "github"
      }
    },
    "hyprwayland-scanner": {
      "inputs": {
        "nixpkgs": [
          "hyprland",
          "nixpkgs"
        ],
        "systems": [
          "hyprland",
          "systems"
        ]
      },
      "locked": {
        "lastModified": 1726874836,
        "narHash": "sha256-VKR0sf0PSNCB0wPHVKSAn41mCNVCnegWmgkrneKDhHM=",
        "owner": "hyprwm",
        "repo": "hyprwayland-scanner",
        "rev": "500c81a9e1a76760371049a8d99e008ea77aa59e",
        "type": "github"
      },
      "original": {
        "owner": "hyprwm",
        "repo": "hyprwayland-scanner",
        "type": "github"
      }
    },
    "impermanence": {
      "locked": {
        "lastModified": 1731242966,
        "narHash": "sha256-B3C3JLbGw0FtLSWCjBxU961gLNv+BOOBC6WvstKLYMw=",
        "owner": "nix-community",
        "repo": "impermanence",
        "rev": "3ed3f0eaae9fcc0a8331e77e9319c8a4abd8a71a",
        "type": "github"
      },
      "original": {
        "owner": "nix-community",
        "repo": "impermanence",
        "type": "github"
      }
    },
    "lanzaboote": {
      "inputs": {
        "crane": "crane",
        "flake-compat": "flake-compat_2",
        "flake-parts": "flake-parts",
        "nixpkgs": [
          "nixpkgs"
        ],
        "pre-commit-hooks-nix": [],
        "rust-overlay": "rust-overlay"
      },
      "locked": {
        "lastModified": 1731941836,
        "narHash": "sha256-zpmAzrvK8KdssBSwiIwwRxaUJ77oWORbW0XFvgCFpTE=",
        "owner": "nix-community",
        "repo": "lanzaboote",
        "rev": "2f48272f34174fd2a5ab3df4d8a46919247be879",
        "type": "github"
      },
      "original": {
        "owner": "nix-community",
        "repo": "lanzaboote",
        "type": "github"
      }
    },
    "libcamera-src": {
      "flake": false,
      "locked": {
        "lastModified": 1725630279,
        "narHash": "sha256-KH30jmHfxXq4j2CL7kv18DYECJRp9ECuWNPnqPZajPA=",
        "owner": "raspberrypi",
        "repo": "libcamera",
        "rev": "69a894c4adad524d3063dd027f5c4774485cf9db",
        "type": "github"
      },
      "original": {
        "owner": "raspberrypi",
        "repo": "libcamera",
        "rev": "69a894c4adad524d3063dd027f5c4774485cf9db",
        "type": "github"
      }
    },
    "libpisp-src": {
      "flake": false,
      "locked": {
        "lastModified": 1724944683,
        "narHash": "sha256-Fo2UJmQHS855YSSKKmGrsQnJzXog1cdpkIOO72yYAM4=",
        "owner": "raspberrypi",
        "repo": "libpisp",
        "rev": "28196ed6edcfeda88d23cc5f213d51aa6fa17bb3",
        "type": "github"
      },
      "original": {
        "owner": "raspberrypi",
        "ref": "v1.0.7",
        "repo": "libpisp",
        "type": "github"
      }
    },
    "mint": {
      "inputs": {
        "nixpkgs": [
          "nixpkgs"
        ],
        "rust-overlay": "rust-overlay_2"
      },
      "locked": {
        "lastModified": 1729100770,
        "narHash": "sha256-7+g33Kp5u9ol0mVdr7Tx8uOcq+6kCUs5BPrMkedH5s8=",
        "owner": "JManch",
        "repo": "mint",
        "rev": "ebb9c8c4fed5502874a443b61a2cc2f0b385a4ae",
        "type": "github"
      },
      "original": {
        "owner": "JManch",
        "repo": "mint",
        "type": "github"
      }
    },
    "neovim": {
      "inputs": {
        "flake-compat": "flake-compat_3",
        "flake-parts": "flake-parts_2",
        "git-hooks": "git-hooks",
        "hercules-ci-effects": "hercules-ci-effects",
        "neovim-src": "neovim-src",
        "nixpkgs": [
          "nixpkgs"
        ]
      },
      "locked": {
        "lastModified": 1731764158,
        "narHash": "sha256-RJ9xa3O8LCyw90BT2HooAmBiXns20+2ocLd1GDO54qg=",
        "owner": "nix-community",
        "repo": "neovim-nightly-overlay",
        "rev": "973f6526dd30053a7ef98017272207af00bd615b",
        "type": "github"
      },
      "original": {
        "owner": "nix-community",
        "repo": "neovim-nightly-overlay",
        "rev": "973f6526dd30053a7ef98017272207af00bd615b",
        "type": "github"
      }
    },
    "neovim-config": {
      "flake": false,
      "locked": {
        "lastModified": 1731036580,
        "narHash": "sha256-n3PKhgzcGOjano5E9I3rXBN4nenqRB6HfBiOEvBkgM8=",
        "owner": "JManch",
        "repo": "nvim",
        "rev": "b73a0277a7cb8d7fcd1e67d763d4bf3327cae24a",
        "type": "github"
      },
      "original": {
        "owner": "JManch",
        "repo": "nvim",
        "type": "github"
      }
    },
    "neovim-src": {
      "flake": false,
      "locked": {
        "lastModified": 1731710082,
        "narHash": "sha256-TUrqqpotTHgRpsocfXrT0QRJwJCT2xB7rHS0k1U1E0w=",
        "owner": "neovim",
        "repo": "neovim",
        "rev": "6e4df18b457e9743c34068fd6e0a89fd04d3526c",
        "type": "github"
      },
      "original": {
        "owner": "neovim",
        "repo": "neovim",
        "type": "github"
      }
    },
    "nix-colors": {
      "inputs": {
        "base16-schemes": "base16-schemes",
        "nixpkgs-lib": [
          "nixpkgs"
        ]
      },
      "locked": {
        "lastModified": 1707825078,
        "narHash": "sha256-hTfge2J2W+42SZ7VHXkf4kjU+qzFqPeC9k66jAUBMHk=",
        "owner": "misterio77",
        "repo": "nix-colors",
        "rev": "b01f024090d2c4fc3152cd0cf12027a7b8453ba1",
        "type": "github"
      },
      "original": {
        "owner": "misterio77",
        "repo": "nix-colors",
        "type": "github"
      }
    },
    "nix-formatter-pack": {
      "inputs": {
        "nixpkgs": [
          "nix-on-droid",
          "nixpkgs"
        ],
        "nmd": [
          "nix-on-droid",
          "nmd"
        ],
        "nmt": "nmt"
      },
      "locked": {
        "lastModified": 1705252799,
        "narHash": "sha256-HgSTREh7VoXjGgNDwKQUYcYo13rPkltW7IitHrTPA5c=",
        "owner": "Gerschtli",
        "repo": "nix-formatter-pack",
        "rev": "2de39dedd79aab14c01b9e2934842051a160ffa5",
        "type": "github"
      },
      "original": {
        "owner": "Gerschtli",
        "repo": "nix-formatter-pack",
        "type": "github"
      }
    },
    "nix-index-database": {
      "inputs": {
        "nixpkgs": [
          "nixpkgs"
        ]
      },
      "locked": {
        "lastModified": 1731814505,
        "narHash": "sha256-l9ryrx1Twh08a+gxrMGM9O/aZKEimZfa6sZVyPCImgI=",
        "owner": "nix-community",
        "repo": "nix-index-database",
        "rev": "bdba246946fb079b87b4cada4df9b1cdf1c06132",
        "type": "github"
      },
      "original": {
        "owner": "nix-community",
        "repo": "nix-index-database",
        "type": "github"
      }
    },
    "nix-matlab": {
      "inputs": {
        "flake-compat": "flake-compat_5",
        "nixpkgs": [
          "nixpkgs"
        ]
      },
      "locked": {
        "lastModified": 1731942113,
        "narHash": "sha256-BQWjXeukGYAMxsxUV9QEDz93GWEQ+nzfoe6FXvk2ygU=",
        "owner": "doronbehar",
        "repo": "nix-matlab",
        "rev": "eec33c6addd18912889d8a19bb49ce3428935abb",
        "type": "gitlab"
      },
      "original": {
        "owner": "doronbehar",
        "repo": "nix-matlab",
        "type": "gitlab"
      }
    },
    "nix-on-droid": {
      "inputs": {
        "home-manager": [
          "home-manager"
        ],
        "nix-formatter-pack": "nix-formatter-pack",
        "nixpkgs": [
          "nixpkgs"
        ],
        "nixpkgs-docs": "nixpkgs-docs",
        "nixpkgs-for-bootstrap": "nixpkgs-for-bootstrap",
        "nmd": "nmd"
      },
      "locked": {
        "lastModified": 1725658585,
        "narHash": "sha256-P29z4Gt89n5ps1U7+qmIrj0BuRXGZQSIaOe2+tsPgfw=",
        "owner": "nix-community",
        "repo": "nix-on-droid",
        "rev": "5d88ff2519e4952f8d22472b52c531bb5f1635fc",
        "type": "github"
      },
      "original": {
        "owner": "nix-community",
        "repo": "nix-on-droid",
        "type": "github"
      }
    },
    "nix-resources": {
      "inputs": {
        "nixpkgs": [
          "nixpkgs"
        ]
      },
      "locked": {
        "lastModified": 1732310469,
        "narHash": "sha256-HmeJA6q2Egb64FoN+0hUWzZr1BoKdrZYom8Oux+BXlg=",
        "ref": "refs/heads/main",
        "rev": "343bee40a64e5891c896a6066e4911487cecb5c1",
        "revCount": 219,
        "type": "git",
        "url": "ssh://git@github.com/JManch/nix-resources"
      },
      "original": {
        "type": "git",
        "url": "ssh://git@github.com/JManch/nix-resources"
      }
    },
    "nixpkgs": {
      "locked": {
        "lastModified": 1732014248,
        "narHash": "sha256-y/MEyuJ5oBWrWAic/14LaIr/u5E0wRVzyYsouYY3W6w=",
        "owner": "NixOS",
        "repo": "nixpkgs",
        "rev": "23e89b7da85c3640bbc2173fe04f4bd114342367",
        "type": "github"
      },
      "original": {
        "owner": "NixOS",
        "ref": "nixos-unstable",
        "repo": "nixpkgs",
        "type": "github"
      }
    },
    "nixpkgs-broadcast-box": {
      "locked": {
        "lastModified": 1732546556,
        "narHash": "sha256-JKowcry47Ea+rkpuZ48D8OCjuZM8EbnHjcMrUZG77dk=",
        "owner": "JManch",
        "repo": "nixpkgs",
        "rev": "936ab3371e5739ef460e0088a85d1f76d128cbf4",
        "type": "github"
      },
      "original": {
        "owner": "JManch",
        "ref": "broadcast-box",
        "repo": "nixpkgs",
        "type": "github"
      }
    },
    "nixpkgs-docs": {
      "locked": {
        "lastModified": 1705957679,
        "narHash": "sha256-Q8LJaVZGJ9wo33wBafvZSzapYsjOaNjP/pOnSiKVGHY=",
        "owner": "NixOS",
        "repo": "nixpkgs",
        "rev": "9a333eaa80901efe01df07eade2c16d183761fa3",
        "type": "github"
      },
      "original": {
        "owner": "NixOS",
        "ref": "release-23.05",
        "repo": "nixpkgs",
        "type": "github"
      }
    },
    "nixpkgs-for-bootstrap": {
      "locked": {
        "lastModified": 1720244366,
        "narHash": "sha256-WrDV0FPMVd2Sq9hkR5LNHudS3OSMmUrs90JUTN+MXpA=",
        "owner": "NixOS",
        "repo": "nixpkgs",
        "rev": "49ee0e94463abada1de470c9c07bfc12b36dcf40",
        "type": "github"
      },
      "original": {
        "owner": "NixOS",
        "repo": "nixpkgs",
        "rev": "49ee0e94463abada1de470c9c07bfc12b36dcf40",
        "type": "github"
      }
    },
    "nixpkgs-stable": {
      "locked": {
        "lastModified": 1730741070,
        "narHash": "sha256-edm8WG19kWozJ/GqyYx2VjW99EdhjKwbY3ZwdlPAAlo=",
        "owner": "NixOS",
        "repo": "nixpkgs",
        "rev": "d063c1dd113c91ab27959ba540c0d9753409edf3",
        "type": "github"
      },
      "original": {
        "owner": "NixOS",
        "ref": "nixos-24.05",
        "repo": "nixpkgs",
        "type": "github"
      }
    },
    "nixpkgs-xr": {
      "inputs": {
        "flake-compat": "flake-compat_6",
        "flake-parts": "flake-parts_4",
        "nixpkgs": [
          "nixpkgs"
        ]
      },
      "locked": {
        "lastModified": 1732152042,
        "narHash": "sha256-iW8dfnpHFMqzjxHZzfB+JIN3rnYtbpmrEEjWpXQGO1U=",
        "owner": "nix-community",
        "repo": "nixpkgs-xr",
        "rev": "07af5bf0ad12f06fd9e7c14eca4a38b1af6c1e71",
        "type": "github"
      },
      "original": {
        "owner": "nix-community",
        "repo": "nixpkgs-xr",
        "type": "github"
      }
    },
    "nmd": {
      "inputs": {
        "nixpkgs": [
          "nix-on-droid",
          "nixpkgs-docs"
        ],
        "scss-reset": "scss-reset"
      },
      "locked": {
        "lastModified": 1705050560,
        "narHash": "sha256-x3zzcdvhJpodsmdjqB4t5mkVW22V3wqHLOun0KRBzUI=",
        "owner": "~rycee",
        "repo": "nmd",
        "rev": "66d9334933119c36f91a78d565c152a4fdc8d3d3",
        "type": "sourcehut"
      },
      "original": {
        "owner": "~rycee",
        "repo": "nmd",
        "type": "sourcehut"
      }
    },
    "nmt": {
      "flake": false,
      "locked": {
        "lastModified": 1648075362,
        "narHash": "sha256-u36WgzoA84dMVsGXzml4wZ5ckGgfnvS0ryzo/3zn/Pc=",
        "owner": "rycee",
        "repo": "nmt",
        "rev": "d83601002c99b78c89ea80e5e6ba21addcfe12ae",
        "type": "gitlab"
      },
      "original": {
        "owner": "rycee",
        "repo": "nmt",
        "type": "gitlab"
      }
    },
    "pre-commit-hooks": {
      "inputs": {
        "flake-compat": "flake-compat",
        "gitignore": "gitignore",
        "nixpkgs": [
          "hyprland",
          "nixpkgs"
        ],
        "nixpkgs-stable": "nixpkgs-stable"
      },
      "locked": {
        "lastModified": 1731363552,
        "narHash": "sha256-vFta1uHnD29VUY4HJOO/D6p6rxyObnf+InnSMT4jlMU=",
        "owner": "cachix",
        "repo": "git-hooks.nix",
        "rev": "cd1af27aa85026ac759d5d3fccf650abe7e1bbf0",
        "type": "github"
      },
      "original": {
        "owner": "cachix",
        "repo": "git-hooks.nix",
        "type": "github"
      }
    },
    "raspberry-pi-nix": {
      "inputs": {
        "libcamera-src": "libcamera-src",
        "libpisp-src": "libpisp-src",
        "nixpkgs": [
          "nixpkgs"
        ],
        "rpi-bluez-firmware-src": "rpi-bluez-firmware-src",
        "rpi-firmware-nonfree-src": [
          "rpi-firmware-nonfree-src"
        ],
        "rpi-firmware-src": "rpi-firmware-src",
        "rpi-linux-6_10_12-src": "rpi-linux-6_10_12-src",
        "rpi-linux-6_6_54-src": "rpi-linux-6_6_54-src",
        "rpicam-apps-src": "rpicam-apps-src",
        "u-boot-src": "u-boot-src"
      },
      "locked": {
        "lastModified": 1731941843,
        "narHash": "sha256-/QG4C9WVP79A7jRFC3Ci1q1l6ah7gr3/SF/MWUk/hhM=",
        "owner": "nix-community",
        "repo": "raspberry-pi-nix",
        "rev": "aaec735faf81ff05356d65c7408136d2c1522d34",
        "type": "github"
      },
      "original": {
        "owner": "nix-community",
        "repo": "raspberry-pi-nix",
        "type": "github"
      }
    },
    "recyclarr-templates": {
      "flake": false,
      "locked": {
        "lastModified": 1727883511,
        "narHash": "sha256-B93RXnPaNeBXrTBwpb4X4nYxf4slag3+6LwFSgN+39E=",
        "owner": "recyclarr",
        "repo": "config-templates",
        "rev": "98ef6bcc8dddf12ef55ddb9d9bfc070a2c99b998",
        "type": "github"
      },
      "original": {
        "owner": "recyclarr",
        "repo": "config-templates",
        "type": "github"
      }
    },
    "root": {
      "inputs": {
        "agenix": "agenix",
        "broadcast-box": "broadcast-box",
        "disko": "disko",
        "firstBoot": "firstBoot",
        "grimblast": "grimblast",
        "home-manager": "home-manager",
        "hypridle": "hypridle",
        "hyprland": "hyprland",
        "hyprland-plugins": "hyprland-plugins",
        "hyprlock": "hyprlock",
        "hyprpolkitagent": "hyprpolkitagent",
        "impermanence": "impermanence",
        "lanzaboote": "lanzaboote",
        "mint": "mint",
        "neovim": "neovim",
        "neovim-config": "neovim-config",
        "nix-colors": "nix-colors",
        "nix-index-database": "nix-index-database",
        "nix-matlab": "nix-matlab",
        "nix-on-droid": "nix-on-droid",
        "nix-resources": "nix-resources",
        "nixpkgs": "nixpkgs",
        "nixpkgs-broadcast-box": "nixpkgs-broadcast-box",
        "nixpkgs-xr": "nixpkgs-xr",
        "raspberry-pi-nix": "raspberry-pi-nix",
        "recyclarr-templates": "recyclarr-templates",
        "rpi-firmware-nonfree-src": "rpi-firmware-nonfree-src",
        "vmInstall": "vmInstall",
        "vpn-confinement": "vpn-confinement"
      }
    },
    "rpi-bluez-firmware-src": {
      "flake": false,
      "locked": {
        "lastModified": 1708969706,
        "narHash": "sha256-KakKnOBeWxh0exu44beZ7cbr5ni4RA9vkWYb9sGMb8Q=",
        "owner": "RPi-Distro",
        "repo": "bluez-firmware",
        "rev": "78d6a07730e2d20c035899521ab67726dc028e1c",
        "type": "github"
      },
      "original": {
        "owner": "RPi-Distro",
        "ref": "bookworm",
        "repo": "bluez-firmware",
        "type": "github"
      }
    },
    "rpi-firmware-nonfree-src": {
      "flake": false,
      "locked": {
        "lastModified": 1723266537,
        "narHash": "sha256-T7eTKXqY9cxEMdab8Snda4CEOrEihy5uOhA6Fy+Mhnw=",
        "owner": "RPi-Distro",
        "repo": "firmware-nonfree",
        "rev": "4b356e134e8333d073bd3802d767a825adec3807",
        "type": "github"
      },
      "original": {
        "owner": "RPi-Distro",
        "ref": "bookworm",
        "repo": "firmware-nonfree",
        "type": "github"
      }
    },
    "rpi-firmware-src": {
      "flake": false,
      "locked": {
        "lastModified": 1727798811,
        "narHash": "sha256-eavbshXGYmkYR33y9FLcQMJoAYdYTESVEy0g/RRXnb0=",
        "owner": "raspberrypi",
        "repo": "firmware",
        "rev": "287e6a6c2d3b50eee3e2c5b2eacdd907e5cbe09a",
        "type": "github"
      },
      "original": {
        "owner": "raspberrypi",
        "ref": "1.20241001",
        "repo": "firmware",
        "type": "github"
      }
    },
    "rpi-linux-6_10_12-src": {
      "flake": false,
      "locked": {
        "lastModified": 1728305462,
        "narHash": "sha256-LtvNmGD1D5YYv+C9xxxddAeHw69o3OX/H9M7F663L74=",
        "owner": "raspberrypi",
        "repo": "linux",
        "rev": "26ee50d56618c2d98100b1bc672fd201aed4d00f",
        "type": "github"
      },
      "original": {
        "owner": "raspberrypi",
        "ref": "rpi-6.10.y",
        "repo": "linux",
        "type": "github"
      }
    },
    "rpi-linux-6_6_54-src": {
      "flake": false,
      "locked": {
        "lastModified": 1728155174,
        "narHash": "sha256-/8RjW35XQMnshjAE4Ey8j3oWzE2GOntnBYY6PlvZGhs=",
        "owner": "raspberrypi",
        "repo": "linux",
        "rev": "12f0f28db3afe451a81a34c5a444f6841c10067c",
        "type": "github"
      },
      "original": {
        "owner": "raspberrypi",
        "ref": "rpi-6.6.y",
        "repo": "linux",
        "type": "github"
      }
    },
    "rpicam-apps-src": {
      "flake": false,
      "locked": {
        "lastModified": 1727515047,
        "narHash": "sha256-qCYGrcibOeGztxf+sd44lD6VAOGoUNwRqZDdAmcTa/U=",
        "owner": "raspberrypi",
        "repo": "rpicam-apps",
        "rev": "a8ccf9f3cd9df49875dfb834a2b490d41d226031",
        "type": "github"
      },
      "original": {
        "owner": "raspberrypi",
        "ref": "v1.5.2",
        "repo": "rpicam-apps",
        "type": "github"
      }
    },
    "rust-overlay": {
      "inputs": {
        "nixpkgs": [
          "lanzaboote",
          "nixpkgs"
        ]
      },
      "locked": {
        "lastModified": 1730601085,
        "narHash": "sha256-Sgax33jGuvVHTjl1P78IwzlhAGyOxtx5Q26inKja8S4=",
        "owner": "oxalica",
        "repo": "rust-overlay",
        "rev": "8d1b40f8dfd7539aaa3de56e207e22b3cc451825",
        "type": "github"
      },
      "original": {
        "owner": "oxalica",
        "repo": "rust-overlay",
        "type": "github"
      }
    },
    "rust-overlay_2": {
      "inputs": {
        "nixpkgs": [
          "mint",
          "nixpkgs"
        ]
      },
      "locked": {
        "lastModified": 1729045942,
        "narHash": "sha256-HjmK0x5Zm2TK2vFpC7XBM2e3EDNVnAIuEoU2FkeN8xw=",
        "owner": "oxalica",
        "repo": "rust-overlay",
        "rev": "9de3cea452d2401d6f93c06ad985178a4e11d1fc",
        "type": "github"
      },
      "original": {
        "owner": "oxalica",
        "repo": "rust-overlay",
        "type": "github"
      }
    },
    "scss-reset": {
      "flake": false,
      "locked": {
        "lastModified": 1631450058,
        "narHash": "sha256-muDlZJPtXDIGevSEWkicPP0HQ6VtucbkMNygpGlBEUM=",
        "owner": "andreymatin",
        "repo": "scss-reset",
        "rev": "0cf50e27a4e95e9bb5b1715eedf9c54dee1a5a91",
        "type": "github"
      },
      "original": {
        "owner": "andreymatin",
        "repo": "scss-reset",
        "type": "github"
      }
    },
    "systems": {
      "locked": {
        "lastModified": 1681028828,
        "narHash": "sha256-Vy1rq5AaRuLzOxct8nz4T6wlgyUR7zLU309k9mBC768=",
        "owner": "nix-systems",
        "repo": "default",
        "rev": "da67096a3b9bf56a91d16901293e51ba5b49a27e",
        "type": "github"
      },
      "original": {
        "owner": "nix-systems",
        "repo": "default",
        "type": "github"
      }
    },
    "systems_2": {
      "locked": {
        "lastModified": 1681028828,
        "narHash": "sha256-Vy1rq5AaRuLzOxct8nz4T6wlgyUR7zLU309k9mBC768=",
        "owner": "nix-systems",
        "repo": "default",
        "rev": "da67096a3b9bf56a91d16901293e51ba5b49a27e",
        "type": "github"
      },
      "original": {
        "owner": "nix-systems",
        "repo": "default",
        "type": "github"
      }
    },
    "systems_3": {
      "locked": {
        "lastModified": 1689347949,
        "narHash": "sha256-12tWmuL2zgBgZkdoB6qXZsgJEH9LR3oUgpaQq2RbI80=",
        "owner": "nix-systems",
        "repo": "default-linux",
        "rev": "31732fcf5e8fea42e59c2488ad31a0e651500f68",
        "type": "github"
      },
      "original": {
        "owner": "nix-systems",
        "repo": "default-linux",
        "type": "github"
      }
    },
    "systems_4": {
      "locked": {
        "lastModified": 1689347949,
        "narHash": "sha256-12tWmuL2zgBgZkdoB6qXZsgJEH9LR3oUgpaQq2RbI80=",
        "owner": "nix-systems",
        "repo": "default-linux",
        "rev": "31732fcf5e8fea42e59c2488ad31a0e651500f68",
        "type": "github"
      },
      "original": {
        "owner": "nix-systems",
        "repo": "default-linux",
        "type": "github"
      }
    },
    "systems_5": {
      "locked": {
        "lastModified": 1689347949,
        "narHash": "sha256-12tWmuL2zgBgZkdoB6qXZsgJEH9LR3oUgpaQq2RbI80=",
        "owner": "nix-systems",
        "repo": "default-linux",
        "rev": "31732fcf5e8fea42e59c2488ad31a0e651500f68",
        "type": "github"
      },
      "original": {
        "owner": "nix-systems",
        "repo": "default-linux",
        "type": "github"
      }
    },
    "systems_6": {
      "locked": {
        "lastModified": 1689347949,
        "narHash": "sha256-12tWmuL2zgBgZkdoB6qXZsgJEH9LR3oUgpaQq2RbI80=",
        "owner": "nix-systems",
        "repo": "default-linux",
        "rev": "31732fcf5e8fea42e59c2488ad31a0e651500f68",
        "type": "github"
      },
      "original": {
        "owner": "nix-systems",
        "repo": "default-linux",
        "type": "github"
      }
    },
    "u-boot-src": {
      "flake": false,
      "locked": {
        "lastModified": 1719857238,
        "narHash": "sha256-mJ2TBy0Y5ZtcGFgtU5RKr0UDUp5FWzojbFb+o/ebRJU=",
        "type": "tarball",
        "url": "https://ftp.denx.de/pub/u-boot/u-boot-2024.07.tar.bz2"
      },
      "original": {
        "type": "tarball",
        "url": "https://ftp.denx.de/pub/u-boot/u-boot-2024.07.tar.bz2"
      }
    },
    "vmInstall": {
      "locked": {
        "lastModified": 1657739266,
        "narHash": "sha256-vLy8GQr0noEcoA+jX24FgUVBA/poV36zDWAUChN3hIY=",
        "owner": "JManch",
        "repo": "false",
        "rev": "d06b4794a134686c70a1325df88a6e6768c6b212",
        "type": "github"
      },
      "original": {
        "owner": "JManch",
        "repo": "false",
        "type": "github"
      }
    },
    "vpn-confinement": {
      "locked": {
        "lastModified": 1731209328,
        "narHash": "sha256-b3jggBHZh20jUfBxoaIvew23czsw82zBc0aKxtkF3g8=",
        "owner": "Maroka-chan",
        "repo": "VPN-Confinement",
        "rev": "74e6fd47804b5ca69187200efbb14cf1ecb9ea07",
        "type": "github"
      },
      "original": {
        "owner": "Maroka-chan",
        "repo": "VPN-Confinement",
        "type": "github"
      }
    },
    "xdph": {
      "inputs": {
        "hyprland-protocols": [
          "hyprland",
          "hyprland-protocols"
        ],
        "hyprlang": [
          "hyprland",
          "hyprlang"
        ],
        "hyprutils": [
          "hyprland",
          "hyprutils"
        ],
        "hyprwayland-scanner": [
          "hyprland",
          "hyprwayland-scanner"
        ],
        "nixpkgs": [
          "hyprland",
          "nixpkgs"
        ],
        "systems": [
          "hyprland",
          "systems"
        ]
      },
      "locked": {
        "lastModified": 1731703417,
        "narHash": "sha256-rheDc/7C+yI+QspYr9J2z9kQ5P9F4ATapI7qyFAe1XA=",
        "owner": "hyprwm",
        "repo": "xdg-desktop-portal-hyprland",
        "rev": "8070f36deec723de71e7557441acb17e478204d3",
        "type": "github"
      },
      "original": {
        "owner": "hyprwm",
        "repo": "xdg-desktop-portal-hyprland",
        "type": "github"
      }
    }
  },
  "root": "root",
  "version": 7
}
